
Microsoft Visual Studio Solution File, Format Version 12.00
# Visual Studio 14
VisualStudioVersion = 14.0.25420.1
MinimumVisualStudioVersion = 10.0.40219.1
Project("{FAE04EC0-301F-11D3-BF4B-00C04F79EFBC}") = "EmployeeService", "EmployeeService\EmployeeService.csproj", "{A8F0CEF4-5BD3-4575-A381-0BD6EDC5EE96}"
EndProject
Project("{FAE04EC0-301F-11D3-BF4B-00C04F79EFBC}") = "EmployeeDAL", "EmployeeDAL\EmployeeDAL.csproj", "{0B8F7FB9-AF1F-45B6-9BA4-E5F5AA5184FC}"
EndProject
Global
	GlobalSection(SolutionConfigurationPlatforms) = preSolution
		Debug|Any CPU = Debug|Any CPU
		Release|Any CPU = Release|Any CPU
	EndGlobalSection
	GlobalSection(ProjectConfigurationPlatforms) = postSolution
		{A8F0CEF4-5BD3-4575-A381-0BD6EDC5EE96}.Debug|Any CPU.ActiveCfg = Debug|Any CPU
		{A8F0CEF4-5BD3-4575-A381-0BD6EDC5EE96}.Debug|Any CPU.Build.0 = Debug|Any CPU
		{A8F0CEF4-5BD3-4575-A381-0BD6EDC5EE96}.Release|Any CPU.ActiveCfg = Release|Any CPU
		{A8F0CEF4-5BD3-4575-A381-0BD6EDC5EE96}.Release|Any CPU.Build.0 = Release|Any CPU
		{0B8F7FB9-AF1F-45B6-9BA4-E5F5AA5184FC}.Debug|Any CPU.ActiveCfg = Debug|Any CPU
		{0B8F7FB9-AF1F-45B6-9BA4-E5F5AA5184FC}.Debug|Any CPU.Build.0 = Debug|Any CPU
		{0B8F7FB9-AF1F-45B6-9BA4-E5F5AA5184FC}.Release|Any CPU.ActiveCfg = Release|Any CPU
		{0B8F7FB9-AF1F-45B6-9BA4-E5F5AA5184FC}.Release|Any CPU.Build.0 = Release|Any CPU
	EndGlobalSection
	GlobalSection(SolutionProperties) = preSolution
		HideSolutionNode = FALSE
	EndGlobalSection
EndGlobal
